# THIS IS AN AUTOGENERATED FILE. DO NOT EDIT THIS FILE DIRECTLY.
# yarn lockfile v1


moment@^2.22.2:
  version "2.22.2"
  resolved "https://registry.yarnpkg.com/moment/-/moment-2.22.2.tgz#3c257f9839fc0e93ff53149632239eb90783ff66"

react-moment@^0.8.2:
  version "0.8.2"
  resolved "https://registry.yarnpkg.com/react-moment/-/react-moment-0.8.2.tgz#9361a38668b7864dc170a0d69ee3d0da3cc4b2c3"
